
Microsoft Visual Studio Solution File, Format Version 12.00
# Visual Studio 15
VisualStudioVersion = 15.0.27428.1
MinimumVisualStudioVersion = 10.0.40219.1
Project("{FAE04EC0-301F-11D3-BF4B-00C04F79EFBC}") = "CursoPAV", "CursoPAV\CursoPAV.csproj", "{329CCE01-9E90-4810-9D75-2AE2E0FF5AC1}"
EndProject
Global
	GlobalSection(SolutionConfigurationPlatforms) = preSolution
		Debug|Any CPU = Debug|Any CPU
		Release|Any CPU = Release|Any CPU
	EndGlobalSection
	GlobalSection(ProjectConfigurationPlatforms) = postSolution
		{329CCE01-9E90-4810-9D75-2AE2E0FF5AC1}.Debug|Any CPU.ActiveCfg = Debug|Any CPU
		{329CCE01-9E90-4810-9D75-2AE2E0FF5AC1}.Debug|Any CPU.Build.0 = Debug|Any CPU
		{329CCE01-9E90-4810-9D75-2AE2E0FF5AC1}.Release|Any CPU.ActiveCfg = Release|Any CPU
		{329CCE01-9E90-4810-9D75-2AE2E0FF5AC1}.Release|Any CPU.Build.0 = Release|Any CPU
	EndGlobalSection
	GlobalSection(SolutionProperties) = preSolution
		HideSolutionNode = FALSE
	EndGlobalSection
	GlobalSection(ExtensibilityGlobals) = postSolution
		SolutionGuid = {0EA17A62-0657-483A-B150-0066A579CEDD}
	EndGlobalSection
EndGlobal
